
Microsoft Visual Studio Solution File, Format Version 12.00
# Visual Studio Version 16
VisualStudioVersion = 16.0.30717.126
MinimumVisualStudioVersion = 10.0.40219.1
Project("{9A19103F-16F7-4668-BE54-9A1E7A4F7556}") = "Publisher", "publisher\Publisher.csproj", "{DF158F1F-3851-490C-A14E-560F40CAC1EC}"
EndProject
Project("{9A19103F-16F7-4668-BE54-9A1E7A4F7556}") = "Consumer", "consumer\Consumer.csproj", "{59CC83E4-18C5-4749-BDF7-A67BB0BCAEEF}"
EndProject
Global
	GlobalSection(SolutionConfigurationPlatforms) = preSolution
		Debug|Any CPU = Debug|Any CPU
		Release|Any CPU = Release|Any CPU
	EndGlobalSection
	GlobalSection(ProjectConfigurationPlatforms) = postSolution
		{DF158F1F-3851-490C-A14E-560F40CAC1EC}.Debug|Any CPU.ActiveCfg = Debug|Any CPU
		{DF158F1F-3851-490C-A14E-560F40CAC1EC}.Debug|Any CPU.Build.0 = Debug|Any CPU
		{DF158F1F-3851-490C-A14E-560F40CAC1EC}.Release|Any CPU.ActiveCfg = Release|Any CPU
		{DF158F1F-3851-490C-A14E-560F40CAC1EC}.Release|Any CPU.Build.0 = Release|Any CPU
		{59CC83E4-18C5-4749-BDF7-A67BB0BCAEEF}.Debug|Any CPU.ActiveCfg = Debug|Any CPU
		{59CC83E4-18C5-4749-BDF7-A67BB0BCAEEF}.Debug|Any CPU.Build.0 = Debug|Any CPU
		{59CC83E4-18C5-4749-BDF7-A67BB0BCAEEF}.Release|Any CPU.ActiveCfg = Release|Any CPU
		{59CC83E4-18C5-4749-BDF7-A67BB0BCAEEF}.Release|Any CPU.Build.0 = Release|Any CPU
	EndGlobalSection
	GlobalSection(SolutionProperties) = preSolution
		HideSolutionNode = FALSE
	EndGlobalSection
	GlobalSection(ExtensibilityGlobals) = postSolution
		SolutionGuid = {6DE9D8EE-36F9-4262-8ECE-51559841AD76}
	EndGlobalSection
EndGlobal
